{
    "name": "med",
    "lockfileVersion": 3,
    "requires": true,
    "packages": {
        "": {
            "dependencies": {
                "@hookform/resolvers": "^3.1.0",
                "@syncfusion/ej2": "^19.4.48",
                "@syncfusion/ej2-react-calendars": "^19.4.48",
                "@syncfusion/ej2-react-charts": "^19.4.50",
                "@syncfusion/ej2-react-dropdowns": "^19.4.52",
                "@syncfusion/ej2-react-grids": "^19.4.50",
                "@syncfusion/ej2-react-inputs": "^19.4.52",
                "@syncfusion/ej2-react-kanban": "^19.4.48",
                "@syncfusion/ej2-react-popups": "^19.4.52",
                "@syncfusion/ej2-react-richtexteditor": "^19.4.50",
                "@syncfusion/ej2-react-schedule": "^19.4.50",
                "react": "^18.2.0",
                "react-dom": "^18.2.0",
                "react-hook-form": "^7.44.3",
                "react-icons": "^4.9.0",
                "react-router-dom": "^6.12.0",
                "yup": "^1.2.0"
            }
        },
        "node_modules/@hookform/resolvers": {
            "version": "3.1.1",
            "resolved": "https://registry.npmjs.org/@hookform/resolvers/-/resolvers-3.1.1.tgz",
            "integrity": "sha512-tS16bAUkqjITNSvbJuO1x7MXbn7Oe8ZziDTJdA9mMvsoYthnOOiznOTGBYwbdlYBgU+tgpI/BtTU3paRbCuSlg==",
            "peerDependencies": {
                "react-hook-form": "^7.0.0"
            }
        },
        "node_modules/@remix-run/router": {
            "version": "1.6.3",
            "resolved": "https://registry.npmjs.org/@remix-run/router/-/router-1.6.3.tgz",
            "integrity": "sha512-EXJysQ7J3veRECd0kZFQwYYd5sJMcq2O/m60zu1W2l3oVQ9xtub8jTOtYRE0+M2iomyG/W3Ps7+vp2kna0C27Q==",
            "engines": {
                "node": ">=14"
            }
        },
        "node_modules/@syncfusion/ej2": {
            "version": "19.4.56",
            "resolved": "https://registry.npmjs.org/@syncfusion/ej2/-/ej2-19.4.56.tgz",
            "integrity": "sha512-wlpA8OLSuD8E8gCt1GRjDeaZAjRMBScj3T1xc6rfxYpQxoQH7Ywh1kwXh7+cUlkMBLxoctrjIGjKg3+uIuAqxA==",
            "dependencies": {
                "@syncfusion/ej2-barcode-generator": "~19.4.52",
                "@syncfusion/ej2-base": "~19.4.52",
                "@syncfusion/ej2-buttons": "~19.4.55",
                "@syncfusion/ej2-calendars": "~19.4.56",
                "@syncfusion/ej2-charts": "~19.4.54",
                "@syncfusion/ej2-circulargauge": "~19.4.52",
                "@syncfusion/ej2-compression": "~19.4.52",
                "@syncfusion/ej2-data": "~19.4.54",
                "@syncfusion/ej2-diagrams": "~19.4.56",
                "@syncfusion/ej2-documenteditor": "~19.4.56",
                "@syncfusion/ej2-drawings": "~19.4.52",
                "@syncfusion/ej2-dropdowns": "~19.4.56",
                "@syncfusion/ej2-excel-export": "~19.4.52",
                "@syncfusion/ej2-file-utils": "~19.4.52",
                "@syncfusion/ej2-filemanager": "~19.4.56",
                "@syncfusion/ej2-gantt": "~19.4.56",
                "@syncfusion/ej2-grids": "~19.4.56",
                "@syncfusion/ej2-heatmap": "~19.4.52",
                "@syncfusion/ej2-icons": "~19.4.52",
                "@syncfusion/ej2-inplace-editor": "~19.4.52",
                "@syncfusion/ej2-inputs": "~19.4.52",
                "@syncfusion/ej2-kanban": "~19.4.52",
                "@syncfusion/ej2-layouts": "~19.4.52",
                "@syncfusion/ej2-lineargauge": "~19.4.52",
                "@syncfusion/ej2-lists": "~19.4.55",
                "@syncfusion/ej2-maps": "~19.4.56",
                "@syncfusion/ej2-navigations": "~19.4.56",
                "@syncfusion/ej2-notifications": "~19.4.52",
                "@syncfusion/ej2-office-chart": "~19.4.52",
                "@syncfusion/ej2-pdf-export": "~19.4.52",
                "@syncfusion/ej2-pdfviewer": "~19.4.56",
                "@syncfusion/ej2-pivotview": "~19.4.55",
                "@syncfusion/ej2-popups": "~19.4.53",
                "@syncfusion/ej2-progressbar": "~19.4.55",
                "@syncfusion/ej2-querybuilder": "~19.4.56",
                "@syncfusion/ej2-richtexteditor": "~19.4.56",
                "@syncfusion/ej2-schedule": "~19.4.55",
                "@syncfusion/ej2-splitbuttons": "~19.4.52",
                "@syncfusion/ej2-spreadsheet": "~19.4.56",
                "@syncfusion/ej2-svg-base": "~19.4.52",
                "@syncfusion/ej2-treegrid": "~19.4.56",
                "@syncfusion/ej2-treemap": "~19.4.52",
                "@types/lodash": "4.14.159",
                "tslib": "^1.8.0"
            }
        },
        "node_modules/@syncfusion/ej2-barcode-generator": {
            "version": "19.4.52",
            "resolved": "https://registry.npmjs.org/@syncfusion/ej2-barcode-generator/-/ej2-barcode-generator-19.4.52.tgz",
            "integrity": "sha512-K4pOGnC22GmQP3nyqTpY/L1Gl6u8zWe/XrZTggnY61Cnhgii1FpBAMJoRPeJ46Jk2SI2vIP05LVT/GGR9PKZHg==",
            "dependencies": {
                "@syncfusion/ej2-base": "~19.4.52",
                "@syncfusion/ej2-data": "~19.4.52"
            }
        },
        "node_modules/@syncfusion/ej2-base": {
            "version": "19.4.52",
            "resolved": "https://registry.npmjs.org/@syncfusion/ej2-base/-/ej2-base-19.4.52.tgz",
            "integrity": "sha512-BMJGjscgl5CGpWQW1y1osv+rcKBPYgPBpSfz8FA0XcqhL6wNjGomALmxHznk7QGWC/4bdUhx6AKsGHutMGm/PA==",
            "dependencies": {
                "@syncfusion/ej2-icons": "~19.4.52"
            }
        },
        "node_modules/@syncfusion/ej2-buttons": {
            "version": "19.4.55",
            "resolved": "https://registry.npmjs.org/@syncfusion/ej2-buttons/-/ej2-buttons-19.4.55.tgz",
            "integrity": "sha512-Ebvh5GfvOEQaB51EI6a9Cfrmkfmu9gbPeRmLPkXZPEokUSxIqyCP216Nm8NlOeEK3EbPxrOy/L1X9m1nOBM40Q==",
            "dependencies": {
                "@syncfusion/ej2-base": "~19.4.52"
            }
        },
        "node_modules/@syncfusion/ej2-calendars": {
            "version": "19.4.56",
            "resolved": "https://registry.npmjs.org/@syncfusion/ej2-calendars/-/ej2-calendars-19.4.56.tgz",
            "integrity": "sha512-QeBsu2OgJF4ZIRjP4H5U27Ge5nTAYC77r4wo4udb7Z8qTQzuhH/J0b6Jj3g3ptxGUUjzLDOL7OpONRnsXzC3JA==",
            "dependencies": {
                "@syncfusion/ej2-base": "~19.4.52",
                "@syncfusion/ej2-buttons": "~19.4.55",
                "@syncfusion/ej2-inputs": "~19.4.52",
                "@syncfusion/ej2-lists": "~19.4.55",
                "@syncfusion/ej2-popups": "~19.4.53"
            }
        },
        "node_modules/@syncfusion/ej2-charts": {
            "version": "19.4.54",
            "resolved": "https://registry.npmjs.org/@syncfusion/ej2-charts/-/ej2-charts-19.4.54.tgz",
            "integrity": "sha512-kaZzhrdEoMXMU9FIHZMkhMXFlYt7Cs50dl8EuUXhue6e36nYV59CIeFLin3s/bPi7mN+GdGZUgXdT3edr2bvig==",
            "dependencies": {
                "@syncfusion/ej2-base": "~19.4.52",
                "@syncfusion/ej2-calendars": "~19.4.54",
                "@syncfusion/ej2-compression": "~19.4.52",
                "@syncfusion/ej2-data": "~19.4.54",
                "@syncfusion/ej2-file-utils": "~19.4.52",
                "@syncfusion/ej2-navigations": "~19.4.53",
                "@syncfusion/ej2-pdf-export": "~19.4.52",
                "@syncfusion/ej2-svg-base": "~19.4.52"
            }
        },
        "node_modules/@syncfusion/ej2-circulargauge": {
            "version": "19.4.52",
            "resolved": "https://registry.npmjs.org/@syncfusion/ej2-circulargauge/-/ej2-circulargauge-19.4.52.tgz",
            "integrity": "sha512-0O8w0zTsQtEEBJ4u8gV2A2qGpL5ify7tDUw30xCOQmtisvGLSyT1IFvBUtzyRyZxJd7PNh+VUWsLSgJXD2Tdxw==",
            "dependencies": {
                "@syncfusion/ej2-base": "~19.4.52",
                "@syncfusion/ej2-pdf-export": "~19.4.52",
                "@syncfusion/ej2-svg-base": "~19.4.52"
            }
        },
        "node_modules/@syncfusion/ej2-compression": {
            "version": "19.4.52",
            "resolved": "https://registry.npmjs.org/@syncfusion/ej2-compression/-/ej2-compression-19.4.52.tgz",
            "integrity": "sha512-6LBkM8cSfhiRVmbHpAs5uYLCOFS8XzYwui2qlIav66eWYIeQXs9KWvA5/Ppy3wtwy2pSXAnV9s1QDM1bBxv6TQ==",
            "dependencies": {
                "@syncfusion/ej2-file-utils": "~19.4.52"
            }
        },
        "node_modules/@syncfusion/ej2-data": {
            "version": "19.4.54",
            "resolved": "https://registry.npmjs.org/@syncfusion/ej2-data/-/ej2-data-19.4.54.tgz",
            "integrity": "sha512-btJDjKepcaVGtNqVoblhYFhx4sAW1ju+Nq1CBPn4kO0AtRPBQ3Gi47uQgsstkxNMDrv+UG1hNi7PhHpPNOtwUQ==",
            "dependencies": {
                "@syncfusion/ej2-base": "~19.4.52"
            }
        },
        "node_modules/@syncfusion/ej2-diagrams": {
            "version": "19.4.56",
            "resolved": "https://registry.npmjs.org/@syncfusion/ej2-diagrams/-/ej2-diagrams-19.4.56.tgz",
            "integrity": "sha512-IcXGO1LUgHA8CO7OGKc57xZDGhJj+nqnEhO0CHpnf/lrRNLE59hzLYkc9f6YdXmp4WqAJvWJVc6sLXS4mi+4WQ==",
            "dependencies": {
                "@syncfusion/ej2-base": "~19.4.52",
                "@syncfusion/ej2-buttons": "~19.4.55",
                "@syncfusion/ej2-data": "~19.4.54",
                "@syncfusion/ej2-inputs": "~19.4.52",
                "@syncfusion/ej2-lists": "~19.4.55",
                "@syncfusion/ej2-navigations": "~19.4.56",
                "@syncfusion/ej2-popups": "~19.4.53"
            }
        },
        "node_modules/@syncfusion/ej2-documenteditor": {
            "version": "19.4.56",
            "resolved": "https://registry.npmjs.org/@syncfusion/ej2-documenteditor/-/ej2-documenteditor-19.4.56.tgz",
            "integrity": "sha512-/ASrbDug+mwhhUGMMVbhgPuxNkel06jQ+6kqc9w0MN2val8e8I8OvteuLKkqN3NZUjlnUYnOHyuQZAK+meposg==",
            "dependencies": {
                "@syncfusion/ej2-base": "~19.4.52",
                "@syncfusion/ej2-buttons": "~19.4.55",
                "@syncfusion/ej2-calendars": "~19.4.56",
                "@syncfusion/ej2-compression": "~19.4.52",
                "@syncfusion/ej2-dropdowns": "~19.4.56",
                "@syncfusion/ej2-file-utils": "~19.4.52",
                "@syncfusion/ej2-inputs": "~19.4.52",
                "@syncfusion/ej2-navigations": "~19.4.56",
                "@syncfusion/ej2-office-chart": "~19.4.52",
                "@syncfusion/ej2-popups": "~19.4.53",
                "@syncfusion/ej2-splitbuttons": "~19.4.52"
            }
        },
        "node_modules/@syncfusion/ej2-drawings": {
            "version": "19.4.52",
            "resolved": "https://registry.npmjs.org/@syncfusion/ej2-drawings/-/ej2-drawings-19.4.52.tgz",
            "integrity": "sha512-2bsb4ZY6xSApImK5F9zMRMBZuoKASlDrnoe0p/kxEwxfY3sG5yi8U7UT56uLdjFjqR0IRfkGlcjuCPGK98qEjw==",
            "dependencies": {
                "@syncfusion/ej2-base": "~19.4.52",
                "@syncfusion/ej2-data": "~19.4.52"
            }
        },
        "node_modules/@syncfusion/ej2-dropdowns": {
            "version": "19.4.56",
            "resolved": "https://registry.npmjs.org/@syncfusion/ej2-dropdowns/-/ej2-dropdowns-19.4.56.tgz",
            "integrity": "sha512-wVXE2MGYxlqcBKltjmvSK9w3bRn+3oqXwYlejLcrzR+IgBgSY6OMH3UN59L9F2eei+Dfddw3yLRzdLqsGa6tEw==",
            "dependencies": {
                "@syncfusion/ej2-base": "~19.4.52",
                "@syncfusion/ej2-data": "~19.4.54",
                "@syncfusion/ej2-inputs": "~19.4.52",
                "@syncfusion/ej2-lists": "~19.4.55",
                "@syncfusion/ej2-navigations": "~19.4.56",
                "@syncfusion/ej2-popups": "~19.4.53"
            }
        },
        "node_modules/@syncfusion/ej2-excel-export": {
            "version": "19.4.52",
            "resolved": "https://registry.npmjs.org/@syncfusion/ej2-excel-export/-/ej2-excel-export-19.4.52.tgz",
            "integrity": "sha512-7i0kc18I6HavEtolDOzJbpMd9AUMkUUIRPRaGRsdfOeMu2lA5JmJ2UyUwXi7d4Mr07M3NrtBUoEYPJxXuTPjRA==",
            "dependencies": {
                "@syncfusion/ej2-base": "~19.4.52",
                "@syncfusion/ej2-compression": "~19.4.52"
            }
        },
        "node_modules/@syncfusion/ej2-file-utils": {
            "version": "19.4.52",
            "resolved": "https://registry.npmjs.org/@syncfusion/ej2-file-utils/-/ej2-file-utils-19.4.52.tgz",
            "integrity": "sha512-4rMjft6arAaRVAbmsUxSRqpMlJ7azUAlVr5SNSJFNynJpsNK6CtXE4Pr7EQ7VfOnK8XhNskpSbcik5P2vm8Pdg=="
        },
        "node_modules/@syncfusion/ej2-filemanager": {
            "version": "19.4.56",
            "resolved": "https://registry.npmjs.org/@syncfusion/ej2-filemanager/-/ej2-filemanager-19.4.56.tgz",
            "integrity": "sha512-uDgqSg2yjhiAvI6TgAKuM24LLa7O9hAqTleoNRjTag5QRAplZtttQ/pjtZxN7qOpgh5cMXcQmOc4pYtDTvFhXQ==",
            "dependencies": {
                "@syncfusion/ej2-base": "~19.4.52",
                "@syncfusion/ej2-buttons": "~19.4.55",
                "@syncfusion/ej2-data": "~19.4.54",
                "@syncfusion/ej2-grids": "~19.4.56",
                "@syncfusion/ej2-inputs": "~19.4.52",
                "@syncfusion/ej2-layouts": "~19.4.52",
                "@syncfusion/ej2-lists": "~19.4.55",
                "@syncfusion/ej2-navigations": "~19.4.56",
                "@syncfusion/ej2-popups": "~19.4.53",
                "@syncfusion/ej2-splitbuttons": "~19.4.52"
            }
        },
        "node_modules/@syncfusion/ej2-gantt": {
            "version": "19.4.56",
            "resolved": "https://registry.npmjs.org/@syncfusion/ej2-gantt/-/ej2-gantt-19.4.56.tgz",
            "integrity": "sha512-c5E+AxOzsWdePUB/1o/4SH2w4wHaV+S9+AYaImn+75COCh5hm0J1g2L3X0kaQk6rmRSzm7L5NVFFxuG2/vOvcg==",
            "dependencies": {
                "@syncfusion/ej2-base": "~19.4.52",
                "@syncfusion/ej2-buttons": "~19.4.55",
                "@syncfusion/ej2-calendars": "~19.4.56",
                "@syncfusion/ej2-data": "~19.4.54",
                "@syncfusion/ej2-dropdowns": "~19.4.56",
                "@syncfusion/ej2-grids": "~19.4.56",
                "@syncfusion/ej2-inputs": "~19.4.52",
                "@syncfusion/ej2-layouts": "~19.4.52",
                "@syncfusion/ej2-lists": "~19.4.55",
                "@syncfusion/ej2-navigations": "~19.4.56",
                "@syncfusion/ej2-popups": "~19.4.53",
                "@syncfusion/ej2-richtexteditor": "~19.4.56",
                "@syncfusion/ej2-treegrid": "~19.4.56"
            }
        },
        "node_modules/@syncfusion/ej2-grids": {
            "version": "19.4.56",
            "resolved": "https://registry.npmjs.org/@syncfusion/ej2-grids/-/ej2-grids-19.4.56.tgz",
            "integrity": "sha512-UUn55rwLcwf+G1rTQUWlgDfoKQdwSU6k1EeZkXfVawWLeAP2oYFu0Xcj+oB09ZKxFEkxMcDz9VqxxjzZ/J0scg==",
            "dependencies": {
                "@syncfusion/ej2-base": "~19.4.52",
                "@syncfusion/ej2-buttons": "~19.4.55",
                "@syncfusion/ej2-calendars": "~19.4.56",
                "@syncfusion/ej2-compression": "~19.4.52",
                "@syncfusion/ej2-data": "~19.4.54",
                "@syncfusion/ej2-dropdowns": "~19.4.56",
                "@syncfusion/ej2-excel-export": "~19.4.52",
                "@syncfusion/ej2-file-utils": "~19.4.52",
                "@syncfusion/ej2-inputs": "~19.4.52",
                "@syncfusion/ej2-lists": "~19.4.55",
                "@syncfusion/ej2-navigations": "~19.4.56",
                "@syncfusion/ej2-pdf-export": "~19.4.52",
                "@syncfusion/ej2-popups": "~19.4.53",
                "@syncfusion/ej2-splitbuttons": "~19.4.52"
            }
        },
        "node_modules/@syncfusion/ej2-heatmap": {
            "version": "19.4.52",
            "resolved": "https://registry.npmjs.org/@syncfusion/ej2-heatmap/-/ej2-heatmap-19.4.52.tgz",
            "integrity": "sha512-wbxneQvncRRw8tyA57qf0bWSX+YvVL/VTBq19DT9sbpTrYIpg9dgT1FnzQzkESaD/cXcsOHFfJxgr+rJQJd86Q==",
            "dependencies": {
                "@syncfusion/ej2-base": "~19.4.52",
                "@syncfusion/ej2-compression": "~19.4.52",
                "@syncfusion/ej2-data": "~19.4.52",
                "@syncfusion/ej2-file-utils": "~19.4.52",
                "@syncfusion/ej2-pdf-export": "~19.4.52",
                "@syncfusion/ej2-svg-base": "~19.4.52"
            }
        },
        "node_modules/@syncfusion/ej2-icons": {
            "version": "19.4.52",
            "resolved": "https://registry.npmjs.org/@syncfusion/ej2-icons/-/ej2-icons-19.4.52.tgz",
            "integrity": "sha512-hkEvuVA/soEdqFwFSGbj2Z9u6Ajb+4HZNYIKtw6aCwjn/FE5vFuGMFBdkLEX9BRkUl/e/uvyP6/TKBM/nfkY8A=="
        },
        "node_modules/@syncfusion/ej2-inplace-editor": {
            "version": "19.4.52",
            "resolved": "https://registry.npmjs.org/@syncfusion/ej2-inplace-editor/-/ej2-inplace-editor-19.4.52.tgz",
            "integrity": "sha512-4FXuU3EX+PyQrTUGp5Nkfi1DeyrRpWYChEMILX9UzSMIRycEHRbCTEs+7RLPUxiN08Jl2B++wOJ1WeFFOYPJRQ==",
            "dependencies": {
                "@syncfusion/ej2-base": "~19.4.52",
                "@syncfusion/ej2-buttons": "~19.4.52",
                "@syncfusion/ej2-calendars": "~19.4.52",
                "@syncfusion/ej2-data": "~19.4.52",
                "@syncfusion/ej2-dropdowns": "~19.4.52",
                "@syncfusion/ej2-inputs": "~19.4.52",
                "@syncfusion/ej2-lists": "~19.4.52",
                "@syncfusion/ej2-navigations": "~19.4.52",
                "@syncfusion/ej2-popups": "~19.4.52",
                "@syncfusion/ej2-richtexteditor": "~19.4.52",
                "@syncfusion/ej2-splitbuttons": "~19.4.52"
            }
        },
        "node_modules/@syncfusion/ej2-inputs": {
            "version": "19.4.52",
            "resolved": "https://registry.npmjs.org/@syncfusion/ej2-inputs/-/ej2-inputs-19.4.52.tgz",
            "integrity": "sha512-141wT1W8DbXM50A1RVHOtruCyPncF6CDOU8RdhtFx9ydbXvbSXH+2i+vKr8UK23qC07z8+YB8/wV7ZAQ5vI0Bw==",
            "dependencies": {
                "@syncfusion/ej2-base": "~19.4.52",
                "@syncfusion/ej2-buttons": "~19.4.52",
                "@syncfusion/ej2-popups": "~19.4.52",
                "@syncfusion/ej2-splitbuttons": "~19.4.52"
            }
        },
        "node_modules/@syncfusion/ej2-kanban": {
            "version": "19.4.52",
            "resolved": "https://registry.npmjs.org/@syncfusion/ej2-kanban/-/ej2-kanban-19.4.52.tgz",
            "integrity": "sha512-4hZoBBikGe2GWNaZhKLAe68owJ77L70rodiA7MAOS/5WC8mUyhCaJiVrvsTLoVkhdBS/Hy37VuqeQaU3HjQrmQ==",
            "dependencies": {
                "@syncfusion/ej2-base": "~19.4.52",
                "@syncfusion/ej2-buttons": "~19.4.52",
                "@syncfusion/ej2-data": "~19.4.52",
                "@syncfusion/ej2-dropdowns": "~19.4.52",
                "@syncfusion/ej2-inputs": "~19.4.52",
                "@syncfusion/ej2-layouts": "~19.4.52",
                "@syncfusion/ej2-navigations": "~19.4.52",
                "@syncfusion/ej2-popups": "~19.4.52"
            }
        },
        "node_modules/@syncfusion/ej2-layouts": {
            "version": "19.4.52",
            "resolved": "https://registry.npmjs.org/@syncfusion/ej2-layouts/-/ej2-layouts-19.4.52.tgz",
            "integrity": "sha512-Qeex5OUy5KTzpilRQGPEWcUSzIJt4UB2lDWc8w6samC8sTEpxgasCggqhwFVhViEo49n+hbL9kczfXObmc9HTw==",
            "dependencies": {
                "@syncfusion/ej2-base": "~19.4.52"
            }
        },
        "node_modules/@syncfusion/ej2-lineargauge": {
            "version": "19.4.52",
            "resolved": "https://registry.npmjs.org/@syncfusion/ej2-lineargauge/-/ej2-lineargauge-19.4.52.tgz",
            "integrity": "sha512-LsdNX7kAmZrbBcd1/DvXp1uBvotnnSLRNYYhOFSITiAR2ahrnsCDAG0+37MCSUHbAJYKiwr75Dm/iaHqbLA1aw==",
            "dependencies": {
                "@syncfusion/ej2-base": "~19.4.52",
                "@syncfusion/ej2-pdf-export": "~19.4.52",
                "@syncfusion/ej2-svg-base": "~19.4.52"
            }
        },
        "node_modules/@syncfusion/ej2-lists": {
            "version": "19.4.55",
            "resolved": "https://registry.npmjs.org/@syncfusion/ej2-lists/-/ej2-lists-19.4.55.tgz",
            "integrity": "sha512-EGAcCc2mFOt99oOuT+wXSPEiyfiyHoBSJnAW5pvdCU1mI7FYcArCPVNLY5ynCgngQ7Ih0XxFPkuzEC0qmwlokA==",
            "dependencies": {
                "@syncfusion/ej2-base": "~19.4.52",
                "@syncfusion/ej2-buttons": "~19.4.55",
                "@syncfusion/ej2-data": "~19.4.54"
            }
        },
        "node_modules/@syncfusion/ej2-maps": {
            "version": "19.4.56",
            "resolved": "https://registry.npmjs.org/@syncfusion/ej2-maps/-/ej2-maps-19.4.56.tgz",
            "integrity": "sha512-8z+6a/f/SmzK0bi0Gqh+oZSkqGwtbrKT4+fFGKjSwTmgxI9EPRINn3EGhkwQgu9nfiLZhnGPX7q0BULUWYonPw==",
            "dependencies": {
                "@syncfusion/ej2-base": "~19.4.52",
                "@syncfusion/ej2-buttons": "~19.4.55",
                "@syncfusion/ej2-compression": "~19.4.52",
                "@syncfusion/ej2-data": "~19.4.54",
                "@syncfusion/ej2-file-utils": "~19.4.52",
                "@syncfusion/ej2-pdf-export": "~19.4.52",
                "@syncfusion/ej2-svg-base": "~19.4.52"
            }
        },
        "node_modules/@syncfusion/ej2-navigations": {
            "version": "19.4.56",
            "resolved": "https://registry.npmjs.org/@syncfusion/ej2-navigations/-/ej2-navigations-19.4.56.tgz",
            "integrity": "sha512-Zulk93XAdH2MeA3zPGsJBVsusumeY7zM3kKa+JFM8bOeCnroDBAufDgnhgHzUWEugT0DkFsDKC9cj0OrALMQeQ==",
            "dependencies": {
                "@syncfusion/ej2-base": "~19.4.52",
                "@syncfusion/ej2-buttons": "~19.4.55",
                "@syncfusion/ej2-data": "~19.4.54",
                "@syncfusion/ej2-inputs": "~19.4.52",
                "@syncfusion/ej2-lists": "~19.4.55",
                "@syncfusion/ej2-popups": "~19.4.53"
            }
        },
        "node_modules/@syncfusion/ej2-notifications": {
            "version": "19.4.52",
            "resolved": "https://registry.npmjs.org/@syncfusion/ej2-notifications/-/ej2-notifications-19.4.52.tgz",
            "integrity": "sha512-vd8E6yPEiB2mm2NCLgZhuzkdYK5jGJRVSjyD8W/wYCvoCgtE4tcxxVhR0kEYR5j69jDydBYOi6b51NwCy02Tew==",
            "dependencies": {
                "@syncfusion/ej2-base": "~19.4.52",
                "@syncfusion/ej2-buttons": "~19.4.52",
                "@syncfusion/ej2-popups": "~19.4.52"
            }
        },
        "node_modules/@syncfusion/ej2-office-chart": {
            "version": "19.4.52",
            "resolved": "https://registry.npmjs.org/@syncfusion/ej2-office-chart/-/ej2-office-chart-19.4.52.tgz",
            "integrity": "sha512-iZRgrNh1bhiRYNHfQJ9F6PA5gaXGqovq+TjF+j8GOpMEVBx3Gxbung+z2SLEPbWfa9Mu2CYVByxlG5m1dQZhdg==",
            "dependencies": {
                "@syncfusion/ej2-charts": "~19.4.52"
            }
        },
        "node_modules/@syncfusion/ej2-pdf-export": {
            "version": "19.4.52",
            "resolved": "https://registry.npmjs.org/@syncfusion/ej2-pdf-export/-/ej2-pdf-export-19.4.52.tgz",
            "integrity": "sha512-j9iQuGwU4vzz8qo6McC/FNSuA7MbVFzZ0TBhi9n1qwJu3rpB5pO3kpUJ1jMS2U+5L38RGdR5ONvdJVqScEB0wA==",
            "dependencies": {
                "@syncfusion/ej2-compression": "~19.4.52"
            }
        },
        "node_modules/@syncfusion/ej2-pdfviewer": {
            "version": "19.4.56",
            "resolved": "https://registry.npmjs.org/@syncfusion/ej2-pdfviewer/-/ej2-pdfviewer-19.4.56.tgz",
            "integrity": "sha512-gtiiWjAnUeBtFHgpo1XtLObsDX5F4mKEPW+HNT5sXsAAkgo92GA3jtdlI721woETye2GSEMkwUy/mOlLNaOCxg==",
            "dependencies": {
                "@syncfusion/ej2-base": "~19.4.52",
                "@syncfusion/ej2-buttons": "~19.4.55",
                "@syncfusion/ej2-calendars": "~19.4.56",
                "@syncfusion/ej2-compression": "~19.4.52",
                "@syncfusion/ej2-data": "~19.4.54",
                "@syncfusion/ej2-drawings": "~19.4.52",
                "@syncfusion/ej2-dropdowns": "~19.4.56",
                "@syncfusion/ej2-excel-export": "~19.4.52",
                "@syncfusion/ej2-file-utils": "~19.4.52",
                "@syncfusion/ej2-filemanager": "~19.4.56",
                "@syncfusion/ej2-grids": "~19.4.56",
                "@syncfusion/ej2-inplace-editor": "~19.4.52",
                "@syncfusion/ej2-inputs": "~19.4.52",
                "@syncfusion/ej2-layouts": "~19.4.52",
                "@syncfusion/ej2-lists": "~19.4.55",
                "@syncfusion/ej2-navigations": "~19.4.56",
                "@syncfusion/ej2-notifications": "~19.4.52",
                "@syncfusion/ej2-pdf-export": "~19.4.52",
                "@syncfusion/ej2-popups": "~19.4.53",
                "@syncfusion/ej2-richtexteditor": "~19.4.56"
            }
        },
        "node_modules/@syncfusion/ej2-pivotview": {
            "version": "19.4.55",
            "resolved": "https://registry.npmjs.org/@syncfusion/ej2-pivotview/-/ej2-pivotview-19.4.55.tgz",
            "integrity": "sha512-g1C9TH1iXOfCC6aQwt0JWyEsvQZ5Cp9I+fGFWJIJMua00//9hXID1GWTJccKSQ/FFbAFggQ4bqANtMvuBI29aw==",
            "dependencies": {
                "@syncfusion/ej2-base": "~19.4.52",
                "@syncfusion/ej2-buttons": "~19.4.55",
                "@syncfusion/ej2-calendars": "~19.4.55",
                "@syncfusion/ej2-charts": "~19.4.54",
                "@syncfusion/ej2-compression": "~19.4.52",
                "@syncfusion/ej2-data": "~19.4.54",
                "@syncfusion/ej2-dropdowns": "~19.4.55",
                "@syncfusion/ej2-excel-export": "~19.4.52",
                "@syncfusion/ej2-file-utils": "~19.4.52",
                "@syncfusion/ej2-grids": "~19.4.55",
                "@syncfusion/ej2-inputs": "~19.4.52",
                "@syncfusion/ej2-lists": "~19.4.55",
                "@syncfusion/ej2-navigations": "~19.4.55",
                "@syncfusion/ej2-pdf-export": "~19.4.52",
                "@syncfusion/ej2-popups": "~19.4.53",
                "@syncfusion/ej2-splitbuttons": "~19.4.52",
                "@syncfusion/ej2-svg-base": "~19.4.52"
            }
        },
        "node_modules/@syncfusion/ej2-popups": {
            "version": "19.4.53",
            "resolved": "https://registry.npmjs.org/@syncfusion/ej2-popups/-/ej2-popups-19.4.53.tgz",
            "integrity": "sha512-B0Uen6IFsmPR3Ws8NIIszJ2ECpWrH7VFCqcGL1DQnp9tm6+iEafv84ziffVoC4nGj2mHaHl7tNSoZTnOo/TcgQ==",
            "dependencies": {
                "@syncfusion/ej2-base": "~19.4.52",
                "@syncfusion/ej2-buttons": "~19.4.53"
            }
        },
        "node_modules/@syncfusion/ej2-progressbar": {
            "version": "19.4.55",
            "resolved": "https://registry.npmjs.org/@syncfusion/ej2-progressbar/-/ej2-progressbar-19.4.55.tgz",
            "integrity": "sha512-+SBrL4iAyncUQY8wzzifMrQ2CGkiv8DeBoZdf9K5ispfLJlBJM+cfUAJvhnBZ1sVUjDQcO8DEL21AWIcfZQdfg==",
            "dependencies": {
                "@syncfusion/ej2-base": "~19.4.52",
                "@syncfusion/ej2-data": "~19.4.54",
                "@syncfusion/ej2-svg-base": "~19.4.52"
            }
        },
        "node_modules/@syncfusion/ej2-querybuilder": {
            "version": "19.4.56",
            "resolved": "https://registry.npmjs.org/@syncfusion/ej2-querybuilder/-/ej2-querybuilder-19.4.56.tgz",
            "integrity": "sha512-A5hoeys/oIkdRSn+MiW8+CRpBaSIjOykiltT3A8PFk+r+6ScwyMXN2mIGmKb/TVIQ0MTx81ito4Gf1mn8UevrA==",
            "dependencies": {
                "@syncfusion/ej2-base": "~19.4.52",
                "@syncfusion/ej2-buttons": "~19.4.55",
                "@syncfusion/ej2-calendars": "~19.4.56",
                "@syncfusion/ej2-dropdowns": "~19.4.56",
                "@syncfusion/ej2-inputs": "~19.4.52",
                "@syncfusion/ej2-splitbuttons": "~19.4.52"
            }
        },
        "node_modules/@syncfusion/ej2-react-base": {
            "version": "19.4.56",
            "resolved": "https://registry.npmjs.org/@syncfusion/ej2-react-base/-/ej2-react-base-19.4.56.tgz",
            "integrity": "sha512-mi1OKYgGfOe2MKcnMBuioYbdJea4IXCbFvUxG1WEZI5n3t6CxKH4ZWum7IgBO1kcTkaCdhs8Aj0ACFXUFmOwOQ==",
            "dependencies": {
                "@syncfusion/ej2-base": "~19.4.52"
            }
        },
        "node_modules/@syncfusion/ej2-react-calendars": {
            "version": "19.4.56",
            "resolved": "https://registry.npmjs.org/@syncfusion/ej2-react-calendars/-/ej2-react-calendars-19.4.56.tgz",
            "integrity": "sha512-o5bNc+hct5Jj/8CwvflYxUExddP0gkXpNsXNw3iGu2GCTGEnZ/Xb6OVXv8ammrCcB/Ck8vEliNTOKAEqdMLslA==",
            "dependencies": {
                "@syncfusion/ej2-base": "~19.4.52",
                "@syncfusion/ej2-calendars": "19.4.56",
                "@syncfusion/ej2-react-base": "~19.4.56"
            }
        },
        "node_modules/@syncfusion/ej2-react-charts": {
            "version": "19.4.54",
            "resolved": "https://registry.npmjs.org/@syncfusion/ej2-react-charts/-/ej2-react-charts-19.4.54.tgz",
            "integrity": "sha512-YIVrIrXVebYbMoJ48lLCnDdNTVRgbgyCbjHPmbthjFfGyz+F85D61VrHn6FRWc9PX+fW0GbtHfIinO5OoS+WAQ==",
            "dependencies": {
                "@syncfusion/ej2-base": "~19.4.52",
                "@syncfusion/ej2-charts": "19.4.54",
                "@syncfusion/ej2-react-base": "~19.4.53"
            }
        },
        "node_modules/@syncfusion/ej2-react-dropdowns": {
            "version": "19.4.56",
            "resolved": "https://registry.npmjs.org/@syncfusion/ej2-react-dropdowns/-/ej2-react-dropdowns-19.4.56.tgz",
            "integrity": "sha512-4LyAYtzyvbcTciI/uiGQ07pXlSOY8bLevkNWqbT8vL0JHwLl64OL8BhbowS02yoqlPgPydM4+T5q41ZX9oIhMw==",
            "dependencies": {
                "@syncfusion/ej2-base": "~19.4.52",
                "@syncfusion/ej2-dropdowns": "19.4.56",
                "@syncfusion/ej2-react-base": "~19.4.56"
            }
        },
        "node_modules/@syncfusion/ej2-react-grids": {
            "version": "19.4.56",
            "resolved": "https://registry.npmjs.org/@syncfusion/ej2-react-grids/-/ej2-react-grids-19.4.56.tgz",
            "integrity": "sha512-tJ9NsjD/mNkAojI92waeL/iF4hZ9CS37As3KnAzFZ4WVJvoUc0d/AaqVy9V/Km685O7OHwRGv7mfZ6tOYoIxdw==",
            "dependencies": {
                "@syncfusion/ej2-base": "~19.4.52",
                "@syncfusion/ej2-grids": "19.4.56",
                "@syncfusion/ej2-react-base": "~19.4.56"
            }
        },
        "node_modules/@syncfusion/ej2-react-inputs": {
            "version": "19.4.52",
            "resolved": "https://registry.npmjs.org/@syncfusion/ej2-react-inputs/-/ej2-react-inputs-19.4.52.tgz",
            "integrity": "sha512-ib+YUSOwEobysJPn/vDjhvDs3S8QvMEZtywVgPhAtiPoK8UZtM5YOl9Ejpp422wCFA5U2vXzBeGoK6Wamm9S9Q==",
            "dependencies": {
                "@syncfusion/ej2-base": "~19.4.52",
                "@syncfusion/ej2-inputs": "19.4.52",
                "@syncfusion/ej2-react-base": "~19.4.52"
            }
        },
        "node_modules/@syncfusion/ej2-react-kanban": {
            "version": "19.4.52",
            "resolved": "https://registry.npmjs.org/@syncfusion/ej2-react-kanban/-/ej2-react-kanban-19.4.52.tgz",
            "integrity": "sha512-KZoZ+xloU7Om9IRvfNYEeN8ra5e8Q+fUwZRYm2uVN2gdhaIMhOGQBGTX2VBjyH62s5GNcH8S3RZUF8iITjBkAA==",
            "dependencies": {
                "@syncfusion/ej2-base": "~19.4.52",
                "@syncfusion/ej2-kanban": "19.4.52",
                "@syncfusion/ej2-react-base": "~19.4.52"
            }
        },
        "node_modules/@syncfusion/ej2-react-popups": {
            "version": "19.4.53",
            "resolved": "https://registry.npmjs.org/@syncfusion/ej2-react-popups/-/ej2-react-popups-19.4.53.tgz",
            "integrity": "sha512-aKmBrJ5j/8dGWaVnggoPzJRPcDEXZJJPdt6AwCErrWEHCxFwtoBcpE8yON1VRS7Wua+dknZJ0ECQ20VegpCHkA==",
            "dependencies": {
                "@syncfusion/ej2-base": "~19.4.52",
                "@syncfusion/ej2-popups": "19.4.53",
                "@syncfusion/ej2-react-base": "~19.4.53"
            }
        },
        "node_modules/@syncfusion/ej2-react-richtexteditor": {
            "version": "19.4.56",
            "resolved": "https://registry.npmjs.org/@syncfusion/ej2-react-richtexteditor/-/ej2-react-richtexteditor-19.4.56.tgz",
            "integrity": "sha512-tK4lV/bi/3dhO8YGm161IDjvLccPD+m03ZoB2DL0STZeQVP5JdZckvTfZMiWqnkksB+WfLPROPCtrdBhs6nSTA==",
            "dependencies": {
                "@syncfusion/ej2-base": "~19.4.52",
                "@syncfusion/ej2-react-base": "~19.4.56",
                "@syncfusion/ej2-richtexteditor": "19.4.56"
            }
        },
        "node_modules/@syncfusion/ej2-react-schedule": {
            "version": "19.4.55",
            "resolved": "https://registry.npmjs.org/@syncfusion/ej2-react-schedule/-/ej2-react-schedule-19.4.55.tgz",
            "integrity": "sha512-CFroWaPbGkAxk3rMy5iTXLkyMckqcExh1IFVW0429dCdAwjwP59uT9c1K/JyZ9DMPyu2kb2yHVVatsVqv3g2nQ==",
            "dependencies": {
                "@syncfusion/ej2-base": "~19.4.52",
                "@syncfusion/ej2-react-base": "~19.4.55",
                "@syncfusion/ej2-schedule": "19.4.55"
            }
        },
        "node_modules/@syncfusion/ej2-richtexteditor": {
            "version": "19.4.56",
            "resolved": "https://registry.npmjs.org/@syncfusion/ej2-richtexteditor/-/ej2-richtexteditor-19.4.56.tgz",
            "integrity": "sha512-lKGoAT6Dkdo/LN++84aO8n4F/4MN1xV3NqNAbAI2R13Y8YAPlodVtoRiSAXUjX0p2pGmEu/atR94K3E0/MLbQQ==",
            "dependencies": {
                "@syncfusion/ej2-base": "~19.4.52",
                "@syncfusion/ej2-buttons": "~19.4.55",
                "@syncfusion/ej2-filemanager": "~19.4.56",
                "@syncfusion/ej2-inputs": "~19.4.52",
                "@syncfusion/ej2-navigations": "~19.4.56",
                "@syncfusion/ej2-popups": "~19.4.53",
                "@syncfusion/ej2-splitbuttons": "~19.4.52"
            }
        },
        "node_modules/@syncfusion/ej2-schedule": {
            "version": "19.4.55",
            "resolved": "https://registry.npmjs.org/@syncfusion/ej2-schedule/-/ej2-schedule-19.4.55.tgz",
            "integrity": "sha512-f3YAit9gIpCSF2xRsCqpvOK3jVxVr2Sy6Qxt78k0g7eJvsdk8S1mz0Lr2U7NiCMavtc8jZnqmq69oRdBM9qvwA==",
            "dependencies": {
                "@syncfusion/ej2-base": "~19.4.52",
                "@syncfusion/ej2-buttons": "~19.4.55",
                "@syncfusion/ej2-calendars": "~19.4.55",
                "@syncfusion/ej2-data": "~19.4.54",
                "@syncfusion/ej2-dropdowns": "~19.4.55",
                "@syncfusion/ej2-excel-export": "~19.4.52",
                "@syncfusion/ej2-inputs": "~19.4.52",
                "@syncfusion/ej2-lists": "~19.4.55",
                "@syncfusion/ej2-navigations": "~19.4.55",
                "@syncfusion/ej2-popups": "~19.4.53"
            }
        },
        "node_modules/@syncfusion/ej2-splitbuttons": {
            "version": "19.4.52",
            "resolved": "https://registry.npmjs.org/@syncfusion/ej2-splitbuttons/-/ej2-splitbuttons-19.4.52.tgz",
            "integrity": "sha512-EmUh/3gwW04nCF/0UUfS6w3nl6Sy62ysPFqzwFTu9972DHr4R5W7t147PMJnFRa9Q0i/ud5a9/jERU7quaxBDw==",
            "dependencies": {
                "@syncfusion/ej2-base": "~19.4.52",
                "@syncfusion/ej2-popups": "~19.4.52"
            }
        },
        "node_modules/@syncfusion/ej2-spreadsheet": {
            "version": "19.4.56",
            "resolved": "https://registry.npmjs.org/@syncfusion/ej2-spreadsheet/-/ej2-spreadsheet-19.4.56.tgz",
            "integrity": "sha512-McPIwvVkhPvqf53RlBgurBYUxEvS6aPJCeerE7iZ8n8XKL1GyXpeCFzOqq25brJobnVeZgIRqOvIjXZub7tFuQ==",
            "dependencies": {
                "@syncfusion/ej2-base": "~19.4.52",
                "@syncfusion/ej2-charts": "~19.4.54",
                "@syncfusion/ej2-dropdowns": "~19.4.56",
                "@syncfusion/ej2-grids": "~19.4.56",
                "@syncfusion/ej2-navigations": "~19.4.56"
            }
        },
        "node_modules/@syncfusion/ej2-svg-base": {
            "version": "19.4.52",
            "resolved": "https://registry.npmjs.org/@syncfusion/ej2-svg-base/-/ej2-svg-base-19.4.52.tgz",
            "integrity": "sha512-6QJfUaprOBvvS/vybBwGSyJvlAyC1czvH7s7ZWkat/6GkQB1WUXkz4lpkbbOj/dwASMyaqHIFWSHFicorynBzg==",
            "dependencies": {
                "@syncfusion/ej2-base": "~19.4.52"
            }
        },
        "node_modules/@syncfusion/ej2-treegrid": {
            "version": "19.4.56",
            "resolved": "https://registry.npmjs.org/@syncfusion/ej2-treegrid/-/ej2-treegrid-19.4.56.tgz",
            "integrity": "sha512-meQ85BphimYwgw9KuTTtjJZLWyYFe2QtGvJQGnIijRkBquRZ4ZaYbnIcyRoSiADap+d5+cmbzDCcUl4UdSZK8A==",
            "dependencies": {
                "@syncfusion/ej2-base": "~19.4.52",
                "@syncfusion/ej2-data": "~19.4.54",
                "@syncfusion/ej2-grids": "~19.4.56",
                "@syncfusion/ej2-popups": "~19.4.53"
            }
        },
        "node_modules/@syncfusion/ej2-treemap": {
            "version": "19.4.52",
            "resolved": "https://registry.npmjs.org/@syncfusion/ej2-treemap/-/ej2-treemap-19.4.52.tgz",
            "integrity": "sha512-7q2mZa+2uuxlOOgvOhDN/vMcO57RBzjAdkgZad+rOdeSVv+8hcfqR9iea98r0oin31xstKo6zUWPs8jShS+SvA==",
            "dependencies": {
                "@syncfusion/ej2-base": "~19.4.52",
                "@syncfusion/ej2-compression": "~19.4.52",
                "@syncfusion/ej2-data": "~19.4.52",
                "@syncfusion/ej2-file-utils": "~19.4.52",
                "@syncfusion/ej2-pdf-export": "~19.4.52",
                "@syncfusion/ej2-svg-base": "~19.4.52"
            }
        },
        "node_modules/@types/lodash": {
            "version": "4.14.159",
            "resolved": "https://registry.npmjs.org/@types/lodash/-/lodash-4.14.159.tgz",
            "integrity": "sha512-gF7A72f7WQN33DpqOWw9geApQPh4M3PxluMtaHxWHXEGSN12/WbcEk/eNSqWNQcQhF66VSZ06vCF94CrHwXJDg=="
        },
        "node_modules/js-tokens": {
            "version": "4.0.0",
            "resolved": "https://registry.npmjs.org/js-tokens/-/js-tokens-4.0.0.tgz",
            "integrity": "sha512-RdJUflcE3cUzKiMqQgsCu06FPu9UdIJO0beYbPhHN4k6apgJtifcoCtT9bcxOpYBtpD2kCM6Sbzg4CausW/PKQ=="
        },
        "node_modules/loose-envify": {
            "version": "1.4.0",
            "resolved": "https://registry.npmjs.org/loose-envify/-/loose-envify-1.4.0.tgz",
            "integrity": "sha512-lyuxPGr/Wfhrlem2CL/UcnUc1zcqKAImBDzukY7Y5F/yQiNdko6+fRLevlw1HgMySw7f611UIY408EtxRSoK3Q==",
            "dependencies": {
                "js-tokens": "^3.0.0 || ^4.0.0"
            },
            "bin": {
                "loose-envify": "cli.js"
            }
        },
        "node_modules/property-expr": {
            "version": "2.0.5",
            "resolved": "https://registry.npmjs.org/property-expr/-/property-expr-2.0.5.tgz",
            "integrity": "sha512-IJUkICM5dP5znhCckHSv30Q4b5/JA5enCtkRHYaOVOAocnH/1BQEYTC5NMfT3AVl/iXKdr3aqQbQn9DxyWknwA=="
        },
        "node_modules/react": {
            "version": "18.2.0",
            "resolved": "https://registry.npmjs.org/react/-/react-18.2.0.tgz",
            "integrity": "sha512-/3IjMdb2L9QbBdWiW5e3P2/npwMBaU9mHCSCUzNln0ZCYbcfTsGbTJrU/kGemdH2IWmB2ioZ+zkxtmq6g09fGQ==",
            "dependencies": {
                "loose-envify": "^1.1.0"
            },
            "engines": {
                "node": ">=0.10.0"
            }
        },
        "node_modules/react-dom": {
            "version": "18.2.0",
            "resolved": "https://registry.npmjs.org/react-dom/-/react-dom-18.2.0.tgz",
            "integrity": "sha512-6IMTriUmvsjHUjNtEDudZfuDQUoWXVxKHhlEGSk81n4YFS+r/Kl99wXiwlVXtPBtJenozv2P+hxDsw9eA7Xo6g==",
            "dependencies": {
                "loose-envify": "^1.1.0",
                "scheduler": "^0.23.0"
            },
            "peerDependencies": {
                "react": "^18.2.0"
            }
        },
        "node_modules/react-hook-form": {
            "version": "7.44.3",
            "resolved": "https://registry.npmjs.org/react-hook-form/-/react-hook-form-7.44.3.tgz",
            "integrity": "sha512-/tHId6p2ViAka1wECMw8FEPn/oz/w226zehHrJyQ1oIzCBNMIJCaj6ZkQcv+MjDxYh9MWR7RQic7Qqwe4a5nkw==",
            "engines": {
                "node": ">=12.22.0"
            },
            "funding": {
                "type": "opencollective",
                "url": "https://opencollective.com/react-hook-form"
            },
            "peerDependencies": {
                "react": "^16.8.0 || ^17 || ^18"
            }
        },
        "node_modules/react-icons": {
            "version": "4.9.0",
            "resolved": "https://registry.npmjs.org/react-icons/-/react-icons-4.9.0.tgz",
            "integrity": "sha512-ijUnFr//ycebOqujtqtV9PFS7JjhWg0QU6ykURVHuL4cbofvRCf3f6GMn9+fBktEFQOIVZnuAYLZdiyadRQRFg==",
            "peerDependencies": {
                "react": "*"
            }
        },
        "node_modules/react-router": {
            "version": "6.13.0",
            "resolved": "https://registry.npmjs.org/react-router/-/react-router-6.13.0.tgz",
            "integrity": "sha512-Si6KnfEnJw7gUQkNa70dlpI1bul46FuSxX5t5WwlUBxE25DAz2BjVkwaK8Y2s242bQrZPXCpmwLPtIO5pv4tXg==",
            "dependencies": {
                "@remix-run/router": "1.6.3"
            },
            "engines": {
                "node": ">=14"
            },
            "peerDependencies": {
                "react": ">=16.8"
            }
        },
        "node_modules/react-router-dom": {
            "version": "6.13.0",
            "resolved": "https://registry.npmjs.org/react-router-dom/-/react-router-dom-6.13.0.tgz",
            "integrity": "sha512-6Nqoqd7fgwxxVGdbiMHTpDHCYPq62d7Wk1Of7B82vH7ZPwwsRaIa22zRZKPPg413R5REVNiyuQPKDG1bubcOFA==",
            "dependencies": {
                "@remix-run/router": "1.6.3",
                "react-router": "6.13.0"
            },
            "engines": {
                "node": ">=14"
            },
            "peerDependencies": {
                "react": ">=16.8",
                "react-dom": ">=16.8"
            }
        },
        "node_modules/scheduler": {
            "version": "0.23.0",
            "resolved": "https://registry.npmjs.org/scheduler/-/scheduler-0.23.0.tgz",
            "integrity": "sha512-CtuThmgHNg7zIZWAXi3AsyIzA3n4xx7aNyjwC2VJldO2LMVDhFK+63xGqq6CsJH4rTAt6/M+N4GhZiDYPx9eUw==",
            "dependencies": {
                "loose-envify": "^1.1.0"
            }
        },
        "node_modules/tiny-case": {
            "version": "1.0.3",
            "resolved": "https://registry.npmjs.org/tiny-case/-/tiny-case-1.0.3.tgz",
            "integrity": "sha512-Eet/eeMhkO6TX8mnUteS9zgPbUMQa4I6Kkp5ORiBD5476/m+PIRiumP5tmh5ioJpH7k51Kehawy2UDfsnxxY8Q=="
        },
        "node_modules/toposort": {
            "version": "2.0.2",
            "resolved": "https://registry.npmjs.org/toposort/-/toposort-2.0.2.tgz",
            "integrity": "sha512-0a5EOkAUp8D4moMi2W8ZF8jcga7BgZd91O/yabJCFY8az+XSzeGyTKs0Aoo897iV1Nj6guFq8orWDS96z91oGg=="
        },
        "node_modules/tslib": {
            "version": "1.14.1",
            "resolved": "https://registry.npmjs.org/tslib/-/tslib-1.14.1.tgz",
            "integrity": "sha512-Xni35NKzjgMrwevysHTCArtLDpPvye8zV/0E4EyYn43P7/7qvQwPh9BGkHewbMulVntbigmcT7rdX3BNo9wRJg=="
        },
        "node_modules/type-fest": {
            "version": "2.19.0",
            "resolved": "https://registry.npmjs.org/type-fest/-/type-fest-2.19.0.tgz",
            "integrity": "sha512-RAH822pAdBgcNMAfWnCBU3CFZcfZ/i1eZjwFU/dsLKumyuuP3niueg2UAukXYF0E2AAoc82ZSSf9J0WQBinzHA==",
            "engines": {
                "node": ">=12.20"
            },
            "funding": {
                "url": "https://github.com/sponsors/sindresorhus"
            }
        },
        "node_modules/yup": {
            "version": "1.2.0",
            "resolved": "https://registry.npmjs.org/yup/-/yup-1.2.0.tgz",
            "integrity": "sha512-PPqYKSAXjpRCgLgLKVGPA33v5c/WgEx3wi6NFjIiegz90zSwyMpvTFp/uGcVnnbx6to28pgnzp/q8ih3QRjLMQ==",
            "dependencies": {
                "property-expr": "^2.0.5",
                "tiny-case": "^1.0.3",
                "toposort": "^2.0.2",
                "type-fest": "^2.19.0"
            }
        }
    }
}
